// !$*UTF8*$!
{
	archiveVersion = 1;
	classes = {
	};
	objectVersion = 50;
	objects = {

/* Begin PBXBuildFile section */
		10F0D20C565C19887B58BA92 /* Pods_FaceFlipGame.framework in Frameworks */ = {isa = PBXBuildFile; fileRef = 0BA98CAFB433067AFD6173F8 /* Pods_FaceFlipGame.framework */; };
		180C4F3C2276FD2100D02B53 /* constraint++multiplier.swift in Sources */ = {isa = PBXBuildFile; fileRef = 180C4F3B2276FD2100D02B53 /* constraint++multiplier.swift */; };
		184E9B712271503200B24236 /* RTYUCard.swift in Sources */ = {isa = PBXBuildFile; fileRef = 184E9B702271503200B24236 /* RTYUCard.swift */; };
		184E9B75227153E000B24236 /* RTYUManyCards.swift in Sources */ = {isa = PBXBuildFile; fileRef = 184E9B74227153E000B24236 /* RTYUManyCards.swift */; };
		184E9B782271591000B24236 /* RTYUActionGame.swift in Sources */ = {isa = PBXBuildFile; fileRef = 184E9B772271591000B24236 /* RTYUActionGame.swift */; };
		184E9B842271CE4400B24236 /* UIButton++reset.swift in Sources */ = {isa = PBXBuildFile; fileRef = 184E9B832271CE4400B24236 /* UIButton++reset.swift */; };
		184E9B862272E0D700B24236 /* Int++Time.swift in Sources */ = {isa = PBXBuildFile; fileRef = 184E9B852272E0D700B24236 /* Int++Time.swift */; };
		184E9B8A22730F7A00B24236 /* RTYURememberVC.swift in Sources */ = {isa = PBXBuildFile; fileRef = 184E9B8822730F7A00B24236 /* RTYURememberVC.swift */; };
		184E9B8B22730F7A00B24236 /* RTYURememberVC.xib in Resources */ = {isa = PBXBuildFile; fileRef = 184E9B8922730F7A00B24236 /* RTYURememberVC.xib */; };
		184E9B8F2273159000B24236 /* RTYURememberModel.swift in Sources */ = {isa = PBXBuildFile; fileRef = 184E9B8E2273159000B24236 /* RTYURememberModel.swift */; };
		184E9B92227316EF00B24236 /* RTYURememberCell.swift in Sources */ = {isa = PBXBuildFile; fileRef = 184E9B90227316EF00B24236 /* RTYURememberCell.swift */; };
		184E9B93227316EF00B24236 /* RTYURememberCell.xib in Resources */ = {isa = PBXBuildFile; fileRef = 184E9B91227316EF00B24236 /* RTYURememberCell.xib */; };
		184E9B95227334C400B24236 /* array++remove.swift in Sources */ = {isa = PBXBuildFile; fileRef = 184E9B94227334C400B24236 /* array++remove.swift */; };
		184E9B9722733DB700B24236 /* UIView++Image.swift in Sources */ = {isa = PBXBuildFile; fileRef = 184E9B9622733DB700B24236 /* UIView++Image.swift */; };
		184E9B9B22742DCF00B24236 /* rtyuTranslateCD.swift in Sources */ = {isa = PBXBuildFile; fileRef = 184E9B9A22742DCF00B24236 /* rtyuTranslateCD.swift */; };
		184E9BA12274863B00B24236 /* ClosureWrapper.swift in Sources */ = {isa = PBXBuildFile; fileRef = 184E9B9F2274863B00B24236 /* ClosureWrapper.swift */; };
		184E9BA32274940800B24236 /* AboveWacVC.swift in Sources */ = {isa = PBXBuildFile; fileRef = 184E9BA22274940800B24236 /* AboveWacVC.swift */; };
		188BCEFB2269D36B00EDB202 /* AppDelegate.swift in Sources */ = {isa = PBXBuildFile; fileRef = 188BCEFA2269D36B00EDB202 /* AppDelegate.swift */; };
		188BCEFD2269D36B00EDB202 /* ViewController.swift in Sources */ = {isa = PBXBuildFile; fileRef = 188BCEFC2269D36B00EDB202 /* ViewController.swift */; };
		188BCF002269D36B00EDB202 /* Main.storyboard in Resources */ = {isa = PBXBuildFile; fileRef = 188BCEFE2269D36B00EDB202 /* Main.storyboard */; };
		188BCF022269D36D00EDB202 /* Assets.xcassets in Resources */ = {isa = PBXBuildFile; fileRef = 188BCF012269D36D00EDB202 /* Assets.xcassets */; };
		188BCF052269D36D00EDB202 /* LaunchScreen.storyboard in Resources */ = {isa = PBXBuildFile; fileRef = 188BCF032269D36D00EDB202 /* LaunchScreen.storyboard */; };
		188BCF102269DB6A00EDB202 /* RTYUActionViewVC.swift in Sources */ = {isa = PBXBuildFile; fileRef = 188BCF0E2269DB6A00EDB202 /* RTYUActionViewVC.swift */; };
		188BCF112269DB6A00EDB202 /* RTYUActionViewVC.xib in Resources */ = {isa = PBXBuildFile; fileRef = 188BCF0F2269DB6A00EDB202 /* RTYUActionViewVC.xib */; };
/* End PBXBuildFile section */

/* Begin PBXFileReference section */
		0BA98CAFB433067AFD6173F8 /* Pods_FaceFlipGame.framework */ = {isa = PBXFileReference; explicitFileType = wrapper.framework; includeInIndex = 0; path = Pods_FaceFlipGame.framework; sourceTree = BUILT_PRODUCTS_DIR; };
		180C4F3B2276FD2100D02B53 /* constraint++multiplier.swift */ = {isa = PBXFileReference; lastKnownFileType = sourcecode.swift; path = "constraint++multiplier.swift"; sourceTree = "<group>"; };
		180C4F5122772E7400D02B53 /* Bridging_Header.h */ = {isa = PBXFileReference; lastKnownFileType = sourcecode.c.h; path = Bridging_Header.h; sourceTree = "<group>"; };
		184E9B702271503200B24236 /* RTYUCard.swift */ = {isa = PBXFileReference; lastKnownFileType = sourcecode.swift; path = RTYUCard.swift; sourceTree = "<group>"; };
		184E9B74227153E000B24236 /* RTYUManyCards.swift */ = {isa = PBXFileReference; lastKnownFileType = sourcecode.swift; path = RTYUManyCards.swift; sourceTree = "<group>"; };
		184E9B772271591000B24236 /* RTYUActionGame.swift */ = {isa = PBXFileReference; lastKnownFileType = sourcecode.swift; path = RTYUActionGame.swift; sourceTree = "<group>"; };
		184E9B832271CE4400B24236 /* UIButton++reset.swift */ = {isa = PBXFileReference; lastKnownFileType = sourcecode.swift; path = "UIButton++reset.swift"; sourceTree = "<group>"; };
		184E9B852272E0D700B24236 /* Int++Time.swift */ = {isa = PBXFileReference; lastKnownFileType = sourcecode.swift; path = "Int++Time.swift"; sourceTree = "<group>"; };
		184E9B8822730F7A00B24236 /* RTYURememberVC.swift */ = {isa = PBXFileReference; lastKnownFileType = sourcecode.swift; path = RTYURememberVC.swift; sourceTree = "<group>"; };
		184E9B8922730F7A00B24236 /* RTYURememberVC.xib */ = {isa = PBXFileReference; lastKnownFileType = file.xib; path = RTYURememberVC.xib; sourceTree = "<group>"; };
		184E9B8E2273159000B24236 /* RTYURememberModel.swift */ = {isa = PBXFileReference; lastKnownFileType = sourcecode.swift; path = RTYURememberModel.swift; sourceTree = "<group>"; };
		184E9B90227316EF00B24236 /* RTYURememberCell.swift */ = {isa = PBXFileReference; lastKnownFileType = sourcecode.swift; path = RTYURememberCell.swift; sourceTree = "<group>"; };
		184E9B91227316EF00B24236 /* RTYURememberCell.xib */ = {isa = PBXFileReference; lastKnownFileType = file.xib; path = RTYURememberCell.xib; sourceTree = "<group>"; };
		184E9B94227334C400B24236 /* array++remove.swift */ = {isa = PBXFileReference; lastKnownFileType = sourcecode.swift; path = "array++remove.swift"; sourceTree = "<group>"; };
		184E9B9622733DB700B24236 /* UIView++Image.swift */ = {isa = PBXFileReference; fileEncoding = 4; lastKnownFileType = sourcecode.swift; path = "UIView++Image.swift"; sourceTree = "<group>"; };
		184E9B98227426F800B24236 /* FaceFlipGame.entitlements */ = {isa = PBXFileReference; lastKnownFileType = text.plist.entitlements; path = FaceFlipGame.entitlements; sourceTree = "<group>"; };
		184E9B9A22742DCF00B24236 /* rtyuTranslateCD.swift */ = {isa = PBXFileReference; lastKnownFileType = sourcecode.swift; path = rtyuTranslateCD.swift; sourceTree = "<group>"; };
		184E9B9F2274863B00B24236 /* ClosureWrapper.swift */ = {isa = PBXFileReference; fileEncoding = 4; lastKnownFileType = sourcecode.swift; path = ClosureWrapper.swift; sourceTree = "<group>"; };
		184E9BA22274940800B24236 /* AboveWacVC.swift */ = {isa = PBXFileReference; fileEncoding = 4; lastKnownFileType = sourcecode.swift; path = AboveWacVC.swift; sourceTree = "<group>"; };
		188BCEF72269D36B00EDB202 /* FaceFlipGame.app */ = {isa = PBXFileReference; explicitFileType = wrapper.application; includeInIndex = 0; path = FaceFlipGame.app; sourceTree = BUILT_PRODUCTS_DIR; };
		188BCEFA2269D36B00EDB202 /* AppDelegate.swift */ = {isa = PBXFileReference; lastKnownFileType = sourcecode.swift; path = AppDelegate.swift; sourceTree = "<group>"; };
		188BCEFC2269D36B00EDB202 /* ViewController.swift */ = {isa = PBXFileReference; lastKnownFileType = sourcecode.swift; path = ViewController.swift; sourceTree = "<group>"; };
		188BCEFF2269D36B00EDB202 /* Base */ = {isa = PBXFileReference; lastKnownFileType = file.storyboard; name = Base; path = Base.lproj/Main.storyboard; sourceTree = "<group>"; };
		188BCF012269D36D00EDB202 /* Assets.xcassets */ = {isa = PBXFileReference; lastKnownFileType = folder.assetcatalog; path = Assets.xcassets; sourceTree = "<group>"; };
		188BCF042269D36D00EDB202 /* Base */ = {isa = PBXFileReference; lastKnownFileType = file.storyboard; name = Base; path = Base.lproj/LaunchScreen.storyboard; sourceTree = "<group>"; };
		188BCF062269D36D00EDB202 /* Info.plist */ = {isa = PBXFileReference; lastKnownFileType = text.plist.xml; path = Info.plist; sourceTree = "<group>"; };
		188BCF0E2269DB6A00EDB202 /* RTYUActionViewVC.swift */ = {isa = PBXFileReference; lastKnownFileType = sourcecode.swift; path = RTYUActionViewVC.swift; sourceTree = "<group>"; };
		188BCF0F2269DB6A00EDB202 /* RTYUActionViewVC.xib */ = {isa = PBXFileReference; lastKnownFileType = file.xib; path = RTYUActionViewVC.xib; sourceTree = "<group>"; };
		79732C216A52CEE018D449F3 /* Pods-FaceFlipGame.release.xcconfig */ = {isa = PBXFileReference; includeInIndex = 1; lastKnownFileType = text.xcconfig; name = "Pods-FaceFlipGame.release.xcconfig"; path = "Target Support Files/Pods-FaceFlipGame/Pods-FaceFlipGame.release.xcconfig"; sourceTree = "<group>"; };
		920554AAB83952E274436F11 /* Pods-FaceFlipGame.debug.xcconfig */ = {isa = PBXFileReference; includeInIndex = 1; lastKnownFileType = text.xcconfig; name = "Pods-FaceFlipGame.debug.xcconfig"; path = "Target Support Files/Pods-FaceFlipGame/Pods-FaceFlipGame.debug.xcconfig"; sourceTree = "<group>"; };
/* End PBXFileReference section */

/* Begin PBXFrameworksBuildPhase section */
		188BCEF42269D36B00EDB202 /* Frameworks */ = {
			isa = PBXFrameworksBuildPhase;
			buildActionMask = 2147483647;
			files = (
				10F0D20C565C19887B58BA92 /* Pods_FaceFlipGame.framework in Frameworks */,
			);
			runOnlyForDeploymentPostprocessing = 0;
		};
/* End PBXFrameworksBuildPhase section */

/* Begin PBXGroup section */
		184E9B6F2271501E00B24236 /* Card */ = {
			isa = PBXGroup;
			children = (
				184E9B702271503200B24236 /* RTYUCard.swift */,
			);
			path = Card;
			sourceTree = "<group>";
		};
		184E9B732271530600B24236 /* CardSet */ = {
			isa = PBXGroup;
			children = (
				184E9B74227153E000B24236 /* RTYUManyCards.swift */,
			);
			path = CardSet;
			sourceTree = "<group>";
		};
		184E9B76227158CE00B24236 /* CardGame */ = {
			isa = PBXGroup;
			children = (
				184E9B732271530600B24236 /* CardSet */,
				184E9B6F2271501E00B24236 /* Card */,
				184E9B772271591000B24236 /* RTYUActionGame.swift */,
			);
			path = CardGame;
			sourceTree = "<group>";
		};
		184E9B822271CDF100B24236 /* Extension */ = {
			isa = PBXGroup;
			children = (
				184E9B9F2274863B00B24236 /* ClosureWrapper.swift */,
				184E9B9622733DB700B24236 /* UIView++Image.swift */,
				184E9B832271CE4400B24236 /* UIButton++reset.swift */,
				184E9B852272E0D700B24236 /* Int++Time.swift */,
				184E9B94227334C400B24236 /* array++remove.swift */,
				180C4F3B2276FD2100D02B53 /* constraint++multiplier.swift */,
			);
			path = Extension;
			sourceTree = "<group>";
		};
		184E9B8722730D9F00B24236 /* RecordViewVC */ = {
			isa = PBXGroup;
			children = (
				184E9B8D2273156F00B24236 /* Model */,
				184E9B8C2273151B00B24236 /* Cell */,
				184E9B8822730F7A00B24236 /* RTYURememberVC.swift */,
				184E9B8922730F7A00B24236 /* RTYURememberVC.xib */,
			);
			path = RecordViewVC;
			sourceTree = "<group>";
		};
		184E9B8C2273151B00B24236 /* Cell */ = {
			isa = PBXGroup;
			children = (
				184E9B90227316EF00B24236 /* RTYURememberCell.swift */,
				184E9B91227316EF00B24236 /* RTYURememberCell.xib */,
			);
			path = Cell;
			sourceTree = "<group>";
		};
		184E9B8D2273156F00B24236 /* Model */ = {
			isa = PBXGroup;
			children = (
				184E9B8E2273159000B24236 /* RTYURememberModel.swift */,
			);
			path = Model;
			sourceTree = "<group>";
		};
		184E9B9922742D0F00B24236 /* Data */ = {
			isa = PBXGroup;
			children = (
				184E9B9A22742DCF00B24236 /* rtyuTranslateCD.swift */,
			);
			path = Data;
			sourceTree = "<group>";
		};
		184E9B9D2274860300B24236 /* PrivacyViewVC */ = {
			isa = PBXGroup;
			children = (
				184E9BA22274940800B24236 /* AboveWacVC.swift */,
			);
			path = PrivacyViewVC;
			sourceTree = "<group>";
		};
		188BCEEE2269D36B00EDB202 = {
			isa = PBXGroup;
			children = (
				188BCEF92269D36B00EDB202 /* FaceFlipGame */,
				188BCEF82269D36B00EDB202 /* Products */,
				6C6C68850E5FF8AF312F215E /* Frameworks */,
				A47B7964A6D8024DAD2B1C32 /* Pods */,
			);
			sourceTree = "<group>";
		};
		188BCEF82269D36B00EDB202 /* Products */ = {
			isa = PBXGroup;
			children = (
				188BCEF72269D36B00EDB202 /* FaceFlipGame.app */,
			);
			name = Products;
			sourceTree = "<group>";
		};
		188BCEF92269D36B00EDB202 /* FaceFlipGame */ = {
			isa = PBXGroup;
			children = (
				184E9B9D2274860300B24236 /* PrivacyViewVC */,
				184E9B98227426F800B24236 /* FaceFlipGame.entitlements */,
				184E9B9922742D0F00B24236 /* Data */,
				184E9B822271CDF100B24236 /* Extension */,
				184E9B8722730D9F00B24236 /* RecordViewVC */,
				188BCF0C2269DA4D00EDB202 /* GameViewVC */,
				188BCEFA2269D36B00EDB202 /* AppDelegate.swift */,
				188BCEFC2269D36B00EDB202 /* ViewController.swift */,
				188BCEFE2269D36B00EDB202 /* Main.storyboard */,
				188BCF012269D36D00EDB202 /* Assets.xcassets */,
				188BCF032269D36D00EDB202 /* LaunchScreen.storyboard */,
				188BCF062269D36D00EDB202 /* Info.plist */,
				180C4F5122772E7400D02B53 /* Bridging_Header.h */,
			);
			path = FaceFlipGame;
			sourceTree = "<group>";
		};
		188BCF0C2269DA4D00EDB202 /* GameViewVC */ = {
			isa = PBXGroup;
			children = (
				184E9B76227158CE00B24236 /* CardGame */,
				188BCF0E2269DB6A00EDB202 /* RTYUActionViewVC.swift */,
				188BCF0F2269DB6A00EDB202 /* RTYUActionViewVC.xib */,
			);
			path = GameViewVC;
			sourceTree = "<group>";
		};
		6C6C68850E5FF8AF312F215E /* Frameworks */ = {
			isa = PBXGroup;
			children = (
				0BA98CAFB433067AFD6173F8 /* Pods_FaceFlipGame.framework */,
			);
			name = Frameworks;
			sourceTree = "<group>";
		};
		A47B7964A6D8024DAD2B1C32 /* Pods */ = {
			isa = PBXGroup;
			children = (
				920554AAB83952E274436F11 /* Pods-FaceFlipGame.debug.xcconfig */,
				79732C216A52CEE018D449F3 /* Pods-FaceFlipGame.release.xcconfig */,
			);
			path = Pods;
			sourceTree = "<group>";
		};
/* End PBXGroup section */

/* Begin PBXNativeTarget section */
		188BCEF62269D36B00EDB202 /* FaceFlipGame */ = {
			isa = PBXNativeTarget;
			buildConfigurationList = 188BCF092269D36D00EDB202 /* Build configuration list for PBXNativeTarget "FaceFlipGame" */;
			buildPhases = (
				00766AC58A76DE3F8725E76D /* [CP] Check Pods Manifest.lock */,
				188BCEF32269D36B00EDB202 /* Sources */,
				188BCEF42269D36B00EDB202 /* Frameworks */,
				188BCEF52269D36B00EDB202 /* Resources */,
				2073AB38FC329568BBA64DEB /* [CP] Embed Pods Frameworks */,
			);
			buildRules = (
			);
			dependencies = (
			);
			name = FaceFlipGame;
			productName = FaceFlipGame;
			productReference = 188BCEF72269D36B00EDB202 /* FaceFlipGame.app */;
			productType = "com.apple.product-type.application";
		};
/* End PBXNativeTarget section */

/* Begin PBXProject section */
		188BCEEF2269D36B00EDB202 /* Project object */ = {
			isa = PBXProject;
			attributes = {
				LastSwiftUpdateCheck = 1020;
				LastUpgradeCheck = 1020;
				ORGANIZATIONNAME = Apple;
				TargetAttributes = {
					188BCEF62269D36B00EDB202 = {
						CreatedOnToolsVersion = 10.2;
						SystemCapabilities = {
							com.apple.Push = {
								enabled = 1;
							};
						};
					};
				};
			};
			buildConfigurationList = 188BCEF22269D36B00EDB202 /* Build configuration list for PBXProject "FaceFlipGame" */;
			compatibilityVersion = "Xcode 9.3";
			developmentRegion = en;
			hasScannedForEncodings = 0;
			knownRegions = (
				en,
				Base,
			);
			mainGroup = 188BCEEE2269D36B00EDB202;
			productRefGroup = 188BCEF82269D36B00EDB202 /* Products */;
			projectDirPath = "";
			projectRoot = "";
			targets = (
				188BCEF62269D36B00EDB202 /* FaceFlipGame */,
			);
		};
/* End PBXProject section */

/* Begin PBXResourcesBuildPhase section */
		188BCEF52269D36B00EDB202 /* Resources */ = {
			isa = PBXResourcesBuildPhase;
			buildActionMask = 2147483647;
			files = (
				184E9B93227316EF00B24236 /* RTYURememberCell.xib in Resources */,
				188BCF052269D36D00EDB202 /* LaunchScreen.storyboard in Resources */,
				184E9B8B22730F7A00B24236 /* RTYURememberVC.xib in Resources */,
				188BCF112269DB6A00EDB202 /* RTYUActionViewVC.xib in Resources */,
				188BCF022269D36D00EDB202 /* Assets.xcassets in Resources */,
				188BCF002269D36B00EDB202 /* Main.storyboard in Resources */,
			);
			runOnlyForDeploymentPostprocessing = 0;
		};
/* End PBXResourcesBuildPhase section */

/* Begin PBXShellScriptBuildPhase section */
		00766AC58A76DE3F8725E76D /* [CP] Check Pods Manifest.lock */ = {
			isa = PBXShellScriptBuildPhase;
			buildActionMask = 2147483647;
			files = (
			);
			inputFileListPaths = (
			);
			inputPaths = (
				"${PODS_PODFILE_DIR_PATH}/Podfile.lock",
				"${PODS_ROOT}/Manifest.lock",
			);
			name = "[CP] Check Pods Manifest.lock";
			outputFileListPaths = (
			);
			outputPaths = (
				"$(DERIVED_FILE_DIR)/Pods-FaceFlipGame-checkManifestLockResult.txt",
			);
			runOnlyForDeploymentPostprocessing = 0;
			shellPath = /bin/sh;
			shellScript = "diff \"${PODS_PODFILE_DIR_PATH}/Podfile.lock\" \"${PODS_ROOT}/Manifest.lock\" > /dev/null\nif [ $? != 0 ] ; then\n    # print error to STDERR\n    echo \"error: The sandbox is not in sync with the Podfile.lock. Run 'pod install' or update your CocoaPods installation.\" >&2\n    exit 1\nfi\n# This output is used by Xcode 'outputs' to avoid re-running this script phase.\necho \"SUCCESS\" > \"${SCRIPT_OUTPUT_FILE_0}\"\n";
			showEnvVarsInLog = 0;
		};
		2073AB38FC329568BBA64DEB /* [CP] Embed Pods Frameworks */ = {
			isa = PBXShellScriptBuildPhase;
			buildActionMask = 2147483647;
			files = (
			);
			inputFileListPaths = (
			);
			inputPaths = (
				"${PODS_ROOT}/Target Support Files/Pods-FaceFlipGame/Pods-FaceFlipGame-frameworks.sh",
				"${BUILT_PRODUCTS_DIR}/Alamofire/Alamofire.framework",
				"${BUILT_PRODUCTS_DIR}/SwiftyJSON/SwiftyJSON.framework",
			);
			name = "[CP] Embed Pods Frameworks";
			outputFileListPaths = (
			);
			outputPaths = (
				"${TARGET_BUILD_DIR}/${FRAMEWORKS_FOLDER_PATH}/Alamofire.framework",
				"${TARGET_BUILD_DIR}/${FRAMEWORKS_FOLDER_PATH}/SwiftyJSON.framework",
			);
			runOnlyForDeploymentPostprocessing = 0;
			shellPath = /bin/sh;
			shellScript = "\"${PODS_ROOT}/Target Support Files/Pods-FaceFlipGame/Pods-FaceFlipGame-frameworks.sh\"\n";
			showEnvVarsInLog = 0;
		};
/* End PBXShellScriptBuildPhase section */

/* Begin PBXSourcesBuildPhase section */
		188BCEF32269D36B00EDB202 /* Sources */ = {
			isa = PBXSourcesBuildPhase;
			buildActionMask = 2147483647;
			files = (
				188BCEFD2269D36B00EDB202 /* ViewController.swift in Sources */,
				184E9B75227153E000B24236 /* RTYUManyCards.swift in Sources */,
				184E9B9B22742DCF00B24236 /* rtyuTranslateCD.swift in Sources */,
				184E9B9722733DB700B24236 /* UIView++Image.swift in Sources */,
				184E9B8A22730F7A00B24236 /* RTYURememberVC.swift in Sources */,
				184E9B862272E0D700B24236 /* Int++Time.swift in Sources */,
				188BCEFB2269D36B00EDB202 /* AppDelegate.swift in Sources */,
				184E9B95227334C400B24236 /* array++remove.swift in Sources */,
				180C4F3C2276FD2100D02B53 /* constraint++multiplier.swift in Sources */,
				184E9B92227316EF00B24236 /* RTYURememberCell.swift in Sources */,
				188BCF102269DB6A00EDB202 /* RTYUActionViewVC.swift in Sources */,
				184E9B712271503200B24236 /* RTYUCard.swift in Sources */,
				184E9B782271591000B24236 /* RTYUActionGame.swift in Sources */,
				184E9BA12274863B00B24236 /* ClosureWrapper.swift in Sources */,
				184E9B8F2273159000B24236 /* RTYURememberModel.swift in Sources */,
				184E9B842271CE4400B24236 /* UIButton++reset.swift in Sources */,
				184E9BA32274940800B24236 /* AboveWacVC.swift in Sources */,
			);
			runOnlyForDeploymentPostprocessing = 0;
		};
/* End PBXSourcesBuildPhase section */

/* Begin PBXVariantGroup section */
		188BCEFE2269D36B00EDB202 /* Main.storyboard */ = {
			isa = PBXVariantGroup;
			children = (
				188BCEFF2269D36B00EDB202 /* Base */,
			);
			name = Main.storyboard;
			sourceTree = "<group>";
		};
		188BCF032269D36D00EDB202 /* LaunchScreen.storyboard */ = {
			isa = PBXVariantGroup;
			children = (
				188BCF042269D36D00EDB202 /* Base */,
			);
			name = LaunchScreen.storyboard;
			sourceTree = "<group>";
		};
/* End PBXVariantGroup section */

/* Begin XCBuildConfiguration section */
		188BCF072269D36D00EDB202 /* Debug */ = {
			isa = XCBuildConfiguration;
			buildSettings = {
				ALWAYS_SEARCH_USER_PATHS = NO;
				CLANG_ANALYZER_NONNULL = YES;
				CLANG_ANALYZER_NUMBER_OBJECT_CONVERSION = YES_AGGRESSIVE;
				CLANG_CXX_LANGUAGE_STANDARD = "gnu++14";
				CLANG_CXX_LIBRARY = "libc++";
				CLANG_ENABLE_MODULES = YES;
				CLANG_ENABLE_OBJC_ARC = YES;
				CLANG_ENABLE_OBJC_WEAK = YES;
				CLANG_WARN_BLOCK_CAPTURE_AUTORELEASING = YES;
				CLANG_WARN_BOOL_CONVERSION = YES;
				CLANG_WARN_COMMA = YES;
				CLANG_WARN_CONSTANT_CONVERSION = YES;
				CLANG_WARN_DEPRECATED_OBJC_IMPLEMENTATIONS = YES;
				CLANG_WARN_DIRECT_OBJC_ISA_USAGE = YES_ERROR;
				CLANG_WARN_DOCUMENTATION_COMMENTS = YES;
				CLANG_WARN_EMPTY_BODY = YES;
				CLANG_WARN_ENUM_CONVERSION = YES;
				CLANG_WARN_INFINITE_RECURSION = YES;
				CLANG_WARN_INT_CONVERSION = YES;
				CLANG_WARN_NON_LITERAL_NULL_CONVERSION = YES;
				CLANG_WARN_OBJC_IMPLICIT_RETAIN_SELF = YES;
				CLANG_WARN_OBJC_LITERAL_CONVERSION = YES;
				CLANG_WARN_OBJC_ROOT_CLASS = YES_ERROR;
				CLANG_WARN_RANGE_LOOP_ANALYSIS = YES;
				CLANG_WARN_STRICT_PROTOTYPES = YES;
				CLANG_WARN_SUSPICIOUS_MOVE = YES;
				CLANG_WARN_UNGUARDED_AVAILABILITY = YES_AGGRESSIVE;
				CLANG_WARN_UNREACHABLE_CODE = YES;
				CLANG_WARN__DUPLICATE_METHOD_MATCH = YES;
				CODE_SIGN_IDENTITY = "iPhone Developer";
				COPY_PHASE_STRIP = NO;
				DEBUG_INFORMATION_FORMAT = dwarf;
				ENABLE_STRICT_OBJC_MSGSEND = YES;
				ENABLE_TESTABILITY = YES;
				GCC_C_LANGUAGE_STANDARD = gnu11;
				GCC_DYNAMIC_NO_PIC = NO;
				GCC_NO_COMMON_BLOCKS = YES;
				GCC_OPTIMIZATION_LEVEL = 0;
				GCC_PREPROCESSOR_DEFINITIONS = (
					"DEBUG=1",
					"$(inherited)",
				);
				GCC_WARN_64_TO_32_BIT_CONVERSION = YES;
				GCC_WARN_ABOUT_RETURN_TYPE = YES_ERROR;
				GCC_WARN_UNDECLARED_SELECTOR = YES;
				GCC_WARN_UNINITIALIZED_AUTOS = YES_AGGRESSIVE;
				GCC_WARN_UNUSED_FUNCTION = YES;
				GCC_WARN_UNUSED_VARIABLE = YES;
				IPHONEOS_DEPLOYMENT_TARGET = 12.2;
				MTL_ENABLE_DEBUG_INFO = INCLUDE_SOURCE;
				MTL_FAST_MATH = YES;
				ONLY_ACTIVE_ARCH = YES;
				SDKROOT = iphoneos;
				SWIFT_ACTIVE_COMPILATION_CONDITIONS = DEBUG;
				SWIFT_OPTIMIZATION_LEVEL = "-Onone";
			};
			name = Debug;
		};
		188BCF082269D36D00EDB202 /* Release */ = {
			isa = XCBuildConfiguration;
			buildSettings = {
				ALWAYS_SEARCH_USER_PATHS = NO;
				CLANG_ANALYZER_NONNULL = YES;
				CLANG_ANALYZER_NUMBER_OBJECT_CONVERSION = YES_AGGRESSIVE;
				CLANG_CXX_LANGUAGE_STANDARD = "gnu++14";
				CLANG_CXX_LIBRARY = "libc++";
				CLANG_ENABLE_MODULES = YES;
				CLANG_ENABLE_OBJC_ARC = YES;
				CLANG_ENABLE_OBJC_WEAK = YES;
				CLANG_WARN_BLOCK_CAPTURE_AUTORELEASING = YES;
				CLANG_WARN_BOOL_CONVERSION = YES;
				CLANG_WARN_COMMA = YES;
				CLANG_WARN_CONSTANT_CONVERSION = YES;
				CLANG_WARN_DEPRECATED_OBJC_IMPLEMENTATIONS = YES;
				CLANG_WARN_DIRECT_OBJC_ISA_USAGE = YES_ERROR;
				CLANG_WARN_DOCUMENTATION_COMMENTS = YES;
				CLANG_WARN_EMPTY_BODY = YES;
				CLANG_WARN_ENUM_CONVERSION = YES;
				CLANG_WARN_INFINITE_RECURSION = YES;
				CLANG_WARN_INT_CONVERSION = YES;
				CLANG_WARN_NON_LITERAL_NULL_CONVERSION = YES;
				CLANG_WARN_OBJC_IMPLICIT_RETAIN_SELF = YES;
				CLANG_WARN_OBJC_LITERAL_CONVERSION = YES;
				CLANG_WARN_OBJC_ROOT_CLASS = YES_ERROR;
				CLANG_WARN_RANGE_LOOP_ANALYSIS = YES;
				CLANG_WARN_STRICT_PROTOTYPES = YES;
				CLANG_WARN_SUSPICIOUS_MOVE = YES;
				CLANG_WARN_UNGUARDED_AVAILABILITY = YES_AGGRESSIVE;
				CLANG_WARN_UNREACHABLE_CODE = YES;
				CLANG_WARN__DUPLICATE_METHOD_MATCH = YES;
				CODE_SIGN_IDENTITY = "iPhone Developer";
				COPY_PHASE_STRIP = NO;
				DEBUG_INFORMATION_FORMAT = "dwarf-with-dsym";
				ENABLE_NS_ASSERTIONS = NO;
				ENABLE_STRICT_OBJC_MSGSEND = YES;
				GCC_C_LANGUAGE_STANDARD = gnu11;
				GCC_NO_COMMON_BLOCKS = YES;
				GCC_WARN_64_TO_32_BIT_CONVERSION = YES;
				GCC_WARN_ABOUT_RETURN_TYPE = YES_ERROR;
				GCC_WARN_UNDECLARED_SELECTOR = YES;
				GCC_WARN_UNINITIALIZED_AUTOS = YES_AGGRESSIVE;
				GCC_WARN_UNUSED_FUNCTION = YES;
				GCC_WARN_UNUSED_VARIABLE = YES;
				IPHONEOS_DEPLOYMENT_TARGET = 12.2;
				MTL_ENABLE_DEBUG_INFO = NO;
				MTL_FAST_MATH = YES;
				SDKROOT = iphoneos;
				SWIFT_COMPILATION_MODE = wholemodule;
				SWIFT_OPTIMIZATION_LEVEL = "-O";
				VALIDATE_PRODUCT = YES;
			};
			name = Release;
		};
		188BCF0A2269D36D00EDB202 /* Debug */ = {
			isa = XCBuildConfiguration;
			baseConfigurationReference = 920554AAB83952E274436F11 /* Pods-FaceFlipGame.debug.xcconfig */;
			buildSettings = {
				ASSETCATALOG_COMPILER_APPICON_NAME = AppIcon;
				CODE_SIGN_ENTITLEMENTS = FaceFlipGame/FaceFlipGame.entitlements;
				CODE_SIGN_STYLE = Automatic;
				DEVELOPMENT_TEAM = 822NB6BPF9;
				INFOPLIST_FILE = FaceFlipGame/Info.plist;
				LD_RUNPATH_SEARCH_PATHS = (
					"$(inherited)",
					"@executable_path/Frameworks",
				);
				PRODUCT_BUNDLE_IDENTIFIER = com.zhenkun.faceiwjnjvnjiw;
				PRODUCT_NAME = "$(TARGET_NAME)";
				SWIFT_OBJC_BRIDGING_HEADER = FaceFlipGame/Bridging_Header.h;
				SWIFT_VERSION = 5.0;
				TARGETED_DEVICE_FAMILY = 1;
			};
			name = Debug;
		};
		188BCF0B2269D36D00EDB202 /* Release */ = {
			isa = XCBuildConfiguration;
			baseConfigurationReference = 79732C216A52CEE018D449F3 /* Pods-FaceFlipGame.release.xcconfig */;
			buildSettings = {
				ASSETCATALOG_COMPILER_APPICON_NAME = AppIcon;
				CODE_SIGN_ENTITLEMENTS = FaceFlipGame/FaceFlipGame.entitlements;
				CODE_SIGN_STYLE = Automatic;
				DEVELOPMENT_TEAM = 822NB6BPF9;
				INFOPLIST_FILE = FaceFlipGame/Info.plist;
				LD_RUNPATH_SEARCH_PATHS = (
					"$(inherited)",
					"@executable_path/Frameworks",
				);
				PRODUCT_BUNDLE_IDENTIFIER = com.zhenkun.faceiwjnjvnjiw;
				PRODUCT_NAME = "$(TARGET_NAME)";
				SWIFT_OBJC_BRIDGING_HEADER = FaceFlipGame/Bridging_Header.h;
				SWIFT_VERSION = 5.0;
				TARGETED_DEVICE_FAMILY = 1;
			};
			name = Release;
		};
/* End XCBuildConfiguration section */

/* Begin XCConfigurationList section */
		188BCEF22269D36B00EDB202 /* Build configuration list for PBXProject "FaceFlipGame" */ = {
			isa = XCConfigurationList;
			buildConfigurations = (
				188BCF072269D36D00EDB202 /* Debug */,
				188BCF082269D36D00EDB202 /* Release */,
			);
			defaultConfigurationIsVisible = 0;
			defaultConfigurationName = Release;
		};
		188BCF092269D36D00EDB202 /* Build configuration list for PBXNativeTarget "FaceFlipGame" */ = {
			isa = XCConfigurationList;
			buildConfigurations = (
				188BCF0A2269D36D00EDB202 /* Debug */,
				188BCF0B2269D36D00EDB202 /* Release */,
			);
			defaultConfigurationIsVisible = 0;
			defaultConfigurationName = Release;
		};
/* End XCConfigurationList section */
	};
	rootObject = 188BCEEF2269D36B00EDB202 /* Project object */;
}
